
Microsoft Visual Studio Solution File, Format Version 12.00
# Visual Studio Version 17
VisualStudioVersion = 17.3.32929.385
MinimumVisualStudioVersion = 10.0.40219.1
Project("{FAE04EC0-301F-11D3-BF4B-00C04F79EFBC}") = "backendTR", "backendTR.csproj", "{E491A3FC-AA15-4471-9DF3-9A6F940DE5BE}"
EndProject
Global
	GlobalSection(SolutionConfigurationPlatforms) = preSolution
		Debug|Any CPU = Debug|Any CPU
		Release|Any CPU = Release|Any CPU
	EndGlobalSection
	GlobalSection(ProjectConfigurationPlatforms) = postSolution
		{E491A3FC-AA15-4471-9DF3-9A6F940DE5BE}.Debug|Any CPU.ActiveCfg = Debug|Any CPU
		{E491A3FC-AA15-4471-9DF3-9A6F940DE5BE}.Debug|Any CPU.Build.0 = Debug|Any CPU
		{E491A3FC-AA15-4471-9DF3-9A6F940DE5BE}.Release|Any CPU.ActiveCfg = Release|Any CPU
		{E491A3FC-AA15-4471-9DF3-9A6F940DE5BE}.Release|Any CPU.Build.0 = Release|Any CPU
	EndGlobalSection
	GlobalSection(SolutionProperties) = preSolution
		HideSolutionNode = FALSE
	EndGlobalSection
	GlobalSection(ExtensibilityGlobals) = postSolution
		SolutionGuid = {1B751239-572C-417E-89C0-C9ECAB68EAAD}
	EndGlobalSection
EndGlobal
